
Microsoft Visual Studio Solution File, Format Version 12.00
# Visual Studio Version 17
VisualStudioVersion = 17.2.32630.192
MinimumVisualStudioVersion = 10.0.40219.1
Project("{FAE04EC0-301F-11D3-BF4B-00C04F79EFBC}") = "M326-GumballMachine", "M326-GumballMachine\M326-GumballMachine.csproj", "{FA1D8A90-4FBE-4120-A9D2-668CB6C68021}"
EndProject
Global
	GlobalSection(SolutionConfigurationPlatforms) = preSolution
		Debug|Any CPU = Debug|Any CPU
		Release|Any CPU = Release|Any CPU
	EndGlobalSection
	GlobalSection(ProjectConfigurationPlatforms) = postSolution
		{FA1D8A90-4FBE-4120-A9D2-668CB6C68021}.Debug|Any CPU.ActiveCfg = Debug|Any CPU
		{FA1D8A90-4FBE-4120-A9D2-668CB6C68021}.Debug|Any CPU.Build.0 = Debug|Any CPU
		{FA1D8A90-4FBE-4120-A9D2-668CB6C68021}.Release|Any CPU.ActiveCfg = Release|Any CPU
		{FA1D8A90-4FBE-4120-A9D2-668CB6C68021}.Release|Any CPU.Build.0 = Release|Any CPU
	EndGlobalSection
	GlobalSection(SolutionProperties) = preSolution
		HideSolutionNode = FALSE
	EndGlobalSection
	GlobalSection(ExtensibilityGlobals) = postSolution
		SolutionGuid = {5D90E2A4-551D-47F2-9A54-C3D7263E0028}
	EndGlobalSection
EndGlobal
